
Microsoft Visual Studio Solution File, Format Version 12.00
# Visual Studio 15
VisualStudioVersion = 15.0.28307.136
MinimumVisualStudioVersion = 10.0.40219.1
Project("{FAE04EC0-301F-11D3-BF4B-00C04F79EFBC}") = "Nunit_Selenium", "Nunit_Selenium\Nunit_Selenium.csproj", "{ECE2B5B9-C4E9-4BE6-8A3E-C7A2C0FE51A4}"
EndProject
Global
	GlobalSection(SolutionConfigurationPlatforms) = preSolution
		Debug|Any CPU = Debug|Any CPU
		Release|Any CPU = Release|Any CPU
	EndGlobalSection
	GlobalSection(ProjectConfigurationPlatforms) = postSolution
		{ECE2B5B9-C4E9-4BE6-8A3E-C7A2C0FE51A4}.Debug|Any CPU.ActiveCfg = Debug|Any CPU
		{ECE2B5B9-C4E9-4BE6-8A3E-C7A2C0FE51A4}.Debug|Any CPU.Build.0 = Debug|Any CPU
		{ECE2B5B9-C4E9-4BE6-8A3E-C7A2C0FE51A4}.Release|Any CPU.ActiveCfg = Release|Any CPU
		{ECE2B5B9-C4E9-4BE6-8A3E-C7A2C0FE51A4}.Release|Any CPU.Build.0 = Release|Any CPU
	EndGlobalSection
	GlobalSection(SolutionProperties) = preSolution
		HideSolutionNode = FALSE
	EndGlobalSection
	GlobalSection(ExtensibilityGlobals) = postSolution
		SolutionGuid = {B296FD58-2995-474E-A99C-186599E11F75}
	EndGlobalSection
EndGlobal
